
Microsoft Visual Studio Solution File, Format Version 12.00
# Visual Studio Version 17
VisualStudioVersion = 17.10.35122.118
MinimumVisualStudioVersion = 10.0.40219.1
Project("{FAE04EC0-301F-11D3-BF4B-00C04F79EFBC}") = "BankAccountXUnit", "BankAccountXUnit.csproj", "{E3112E0A-2EBB-479C-849F-4C92A925EEB5}"
EndProject
Global
	GlobalSection(SolutionConfigurationPlatforms) = preSolution
		Debug|Any CPU = Debug|Any CPU
		Release|Any CPU = Release|Any CPU
	EndGlobalSection
	GlobalSection(ProjectConfigurationPlatforms) = postSolution
		{E3112E0A-2EBB-479C-849F-4C92A925EEB5}.Debug|Any CPU.ActiveCfg = Debug|Any CPU
		{E3112E0A-2EBB-479C-849F-4C92A925EEB5}.Debug|Any CPU.Build.0 = Debug|Any CPU
		{E3112E0A-2EBB-479C-849F-4C92A925EEB5}.Release|Any CPU.ActiveCfg = Release|Any CPU
		{E3112E0A-2EBB-479C-849F-4C92A925EEB5}.Release|Any CPU.Build.0 = Release|Any CPU
	EndGlobalSection
	GlobalSection(SolutionProperties) = preSolution
		HideSolutionNode = FALSE
	EndGlobalSection
	GlobalSection(ExtensibilityGlobals) = postSolution
		SolutionGuid = {1855E975-46DA-4056-B5A9-1911000948F3}
	EndGlobalSection
EndGlobal
